// !$*UTF8*$!
{
	archiveVersion = 1;
	classes = {
	};
	objectVersion = 50;
	objects = {

/* Begin PBXBuildFile section */
		E2810FED24AA5AD8006A8257 /* RecommendViewController.swift in Sources */ = {isa = PBXBuildFile; fileRef = E2810FEC24AA5AD8006A8257 /* RecommendViewController.swift */; };
		E2810FF024AA6B5C006A8257 /* CollectionHeaderView.swift in Sources */ = {isa = PBXBuildFile; fileRef = E2810FEE24AA6B5C006A8257 /* CollectionHeaderView.swift */; };
		E2810FF124AA6B5C006A8257 /* CollectionHeaderView.xib in Resources */ = {isa = PBXBuildFile; fileRef = E2810FEF24AA6B5C006A8257 /* CollectionHeaderView.xib */; };
		E2810FF424AA71C8006A8257 /* CollectionNormalCell.swift in Sources */ = {isa = PBXBuildFile; fileRef = E2810FF224AA71C8006A8257 /* CollectionNormalCell.swift */; };
		E2810FF524AA71C8006A8257 /* CollectionNormalCell.xib in Resources */ = {isa = PBXBuildFile; fileRef = E2810FF324AA71C8006A8257 /* CollectionNormalCell.xib */; };
		E2D6296724962DDD002688C3 /* AppDelegate.swift in Sources */ = {isa = PBXBuildFile; fileRef = E2D6296624962DDD002688C3 /* AppDelegate.swift */; };
		E2D6296924962DDD002688C3 /* SceneDelegate.swift in Sources */ = {isa = PBXBuildFile; fileRef = E2D6296824962DDD002688C3 /* SceneDelegate.swift */; };
		E2D6296B24962DDD002688C3 /* ViewController.swift in Sources */ = {isa = PBXBuildFile; fileRef = E2D6296A24962DDD002688C3 /* ViewController.swift */; };
		E2D6296E24962DDD002688C3 /* Main.storyboard in Resources */ = {isa = PBXBuildFile; fileRef = E2D6296C24962DDD002688C3 /* Main.storyboard */; };
		E2D6297024962DDE002688C3 /* Assets.xcassets in Resources */ = {isa = PBXBuildFile; fileRef = E2D6296F24962DDE002688C3 /* Assets.xcassets */; };
		E2D6297324962DDE002688C3 /* LaunchScreen.storyboard in Resources */ = {isa = PBXBuildFile; fileRef = E2D6297124962DDE002688C3 /* LaunchScreen.storyboard */; };
		E2D6297E24962DDE002688C3 /* DYZBTests.swift in Sources */ = {isa = PBXBuildFile; fileRef = E2D6297D24962DDE002688C3 /* DYZBTests.swift */; };
		E2D6298924962DDE002688C3 /* DYZBUITests.swift in Sources */ = {isa = PBXBuildFile; fileRef = E2D6298824962DDE002688C3 /* DYZBUITests.swift */; };
		E2D629B724967A29002688C3 /* Home.storyboard in Resources */ = {isa = PBXBuildFile; fileRef = E2D629B524967A29002688C3 /* Home.storyboard */; };
		E2D629BA24967A54002688C3 /* Follow.storyboard in Resources */ = {isa = PBXBuildFile; fileRef = E2D629B824967A54002688C3 /* Follow.storyboard */; };
		E2D629BD24967AB8002688C3 /* Live.storyboard in Resources */ = {isa = PBXBuildFile; fileRef = E2D629BB24967AB8002688C3 /* Live.storyboard */; };
		E2D629C024967AE5002688C3 /* User.storyboard in Resources */ = {isa = PBXBuildFile; fileRef = E2D629BE24967AE5002688C3 /* User.storyboard */; };
		E2D629C52496802A002688C3 /* HomeViewController.swift in Sources */ = {isa = PBXBuildFile; fileRef = E2D629C42496802A002688C3 /* HomeViewController.swift */; };
		E2D629C824968DB1002688C3 /* UIBarButtonItem-Extension.swift in Sources */ = {isa = PBXBuildFile; fileRef = E2D629C724968DB1002688C3 /* UIBarButtonItem-Extension.swift */; };
		E2E3AD062497B53000630353 /* PageContentView.swift in Sources */ = {isa = PBXBuildFile; fileRef = E2E3AD052497B53000630353 /* PageContentView.swift */; };
		E2E3AD092497BF4F00630353 /* UIColor-Extentsion.swift in Sources */ = {isa = PBXBuildFile; fileRef = E2E3AD082497BF4F00630353 /* UIColor-Extentsion.swift */; };
		E2E6C20824974BE200469622 /* PageTitleView.swift in Sources */ = {isa = PBXBuildFile; fileRef = E2E6C20724974BE200469622 /* PageTitleView.swift */; };
		E2E6C20A249776F100469622 /* Common.swift in Sources */ = {isa = PBXBuildFile; fileRef = E2E6C209249776F100469622 /* Common.swift */; };
/* End PBXBuildFile section */

/* Begin PBXContainerItemProxy section */
		E2D6297A24962DDE002688C3 /* PBXContainerItemProxy */ = {
			isa = PBXContainerItemProxy;
			containerPortal = E2D6295B24962DDD002688C3 /* Project object */;
			proxyType = 1;
			remoteGlobalIDString = E2D6296224962DDD002688C3;
			remoteInfo = DYZB;
		};
		E2D6298524962DDE002688C3 /* PBXContainerItemProxy */ = {
			isa = PBXContainerItemProxy;
			containerPortal = E2D6295B24962DDD002688C3 /* Project object */;
			proxyType = 1;
			remoteGlobalIDString = E2D6296224962DDD002688C3;
			remoteInfo = DYZB;
		};
/* End PBXContainerItemProxy section */

/* Begin PBXFileReference section */
		E2810FEC24AA5AD8006A8257 /* RecommendViewController.swift */ = {isa = PBXFileReference; lastKnownFileType = sourcecode.swift; path = RecommendViewController.swift; sourceTree = "<group>"; };
		E2810FEE24AA6B5C006A8257 /* CollectionHeaderView.swift */ = {isa = PBXFileReference; lastKnownFileType = sourcecode.swift; path = CollectionHeaderView.swift; sourceTree = "<group>"; };
		E2810FEF24AA6B5C006A8257 /* CollectionHeaderView.xib */ = {isa = PBXFileReference; lastKnownFileType = file.xib; path = CollectionHeaderView.xib; sourceTree = "<group>"; };
		E2810FF224AA71C8006A8257 /* CollectionNormalCell.swift */ = {isa = PBXFileReference; lastKnownFileType = sourcecode.swift; path = CollectionNormalCell.swift; sourceTree = "<group>"; };
		E2810FF324AA71C8006A8257 /* CollectionNormalCell.xib */ = {isa = PBXFileReference; lastKnownFileType = file.xib; path = CollectionNormalCell.xib; sourceTree = "<group>"; };
		E2D6296324962DDD002688C3 /* DYZB.app */ = {isa = PBXFileReference; explicitFileType = wrapper.application; includeInIndex = 0; path = DYZB.app; sourceTree = BUILT_PRODUCTS_DIR; };
		E2D6296624962DDD002688C3 /* AppDelegate.swift */ = {isa = PBXFileReference; lastKnownFileType = sourcecode.swift; path = AppDelegate.swift; sourceTree = "<group>"; };
		E2D6296824962DDD002688C3 /* SceneDelegate.swift */ = {isa = PBXFileReference; lastKnownFileType = sourcecode.swift; path = SceneDelegate.swift; sourceTree = "<group>"; };
		E2D6296A24962DDD002688C3 /* ViewController.swift */ = {isa = PBXFileReference; lastKnownFileType = sourcecode.swift; path = ViewController.swift; sourceTree = "<group>"; };
		E2D6296D24962DDD002688C3 /* Base */ = {isa = PBXFileReference; lastKnownFileType = file.storyboard; name = Base; path = Base.lproj/Main.storyboard; sourceTree = "<group>"; };
		E2D6296F24962DDE002688C3 /* Assets.xcassets */ = {isa = PBXFileReference; lastKnownFileType = folder.assetcatalog; path = Assets.xcassets; sourceTree = "<group>"; };
		E2D6297224962DDE002688C3 /* Base */ = {isa = PBXFileReference; lastKnownFileType = file.storyboard; name = Base; path = Base.lproj/LaunchScreen.storyboard; sourceTree = "<group>"; };
		E2D6297424962DDE002688C3 /* Info.plist */ = {isa = PBXFileReference; lastKnownFileType = text.plist.xml; path = Info.plist; sourceTree = "<group>"; };
		E2D6297924962DDE002688C3 /* DYZBTests.xctest */ = {isa = PBXFileReference; explicitFileType = wrapper.cfbundle; includeInIndex = 0; path = DYZBTests.xctest; sourceTree = BUILT_PRODUCTS_DIR; };
		E2D6297D24962DDE002688C3 /* DYZBTests.swift */ = {isa = PBXFileReference; lastKnownFileType = sourcecode.swift; path = DYZBTests.swift; sourceTree = "<group>"; };
		E2D6297F24962DDE002688C3 /* Info.plist */ = {isa = PBXFileReference; lastKnownFileType = text.plist.xml; path = Info.plist; sourceTree = "<group>"; };
		E2D6298424962DDE002688C3 /* DYZBUITests.xctest */ = {isa = PBXFileReference; explicitFileType = wrapper.cfbundle; includeInIndex = 0; path = DYZBUITests.xctest; sourceTree = BUILT_PRODUCTS_DIR; };
		E2D6298824962DDE002688C3 /* DYZBUITests.swift */ = {isa = PBXFileReference; lastKnownFileType = sourcecode.swift; path = DYZBUITests.swift; sourceTree = "<group>"; };
		E2D6298A24962DDE002688C3 /* Info.plist */ = {isa = PBXFileReference; lastKnownFileType = text.plist.xml; path = Info.plist; sourceTree = "<group>"; };
		E2D629B624967A29002688C3 /* Base */ = {isa = PBXFileReference; lastKnownFileType = file.storyboard; name = Base; path = DYZB/Base.lproj/Home.storyboard; sourceTree = "<group>"; };
		E2D629B924967A54002688C3 /* Base */ = {isa = PBXFileReference; lastKnownFileType = file.storyboard; name = Base; path = DYZB/Base.lproj/Follow.storyboard; sourceTree = "<group>"; };
		E2D629BC24967AB8002688C3 /* Base */ = {isa = PBXFileReference; lastKnownFileType = file.storyboard; name = Base; path = DYZB/Base.lproj/Live.storyboard; sourceTree = "<group>"; };
		E2D629BF24967AE5002688C3 /* Base */ = {isa = PBXFileReference; lastKnownFileType = file.storyboard; name = Base; path = DYZB/Base.lproj/User.storyboard; sourceTree = "<group>"; };
		E2D629C42496802A002688C3 /* HomeViewController.swift */ = {isa = PBXFileReference; lastKnownFileType = sourcecode.swift; path = HomeViewController.swift; sourceTree = "<group>"; };
		E2D629C724968DB1002688C3 /* UIBarButtonItem-Extension.swift */ = {isa = PBXFileReference; lastKnownFileType = sourcecode.swift; path = "UIBarButtonItem-Extension.swift"; sourceTree = "<group>"; };
		E2E3AD052497B53000630353 /* PageContentView.swift */ = {isa = PBXFileReference; lastKnownFileType = sourcecode.swift; name = PageContentView.swift; path = DYZB/Main/View/PageContentView.swift; sourceTree = SOURCE_ROOT; };
		E2E3AD082497BF4F00630353 /* UIColor-Extentsion.swift */ = {isa = PBXFileReference; lastKnownFileType = sourcecode.swift; path = "UIColor-Extentsion.swift"; sourceTree = "<group>"; };
		E2E6C20724974BE200469622 /* PageTitleView.swift */ = {isa = PBXFileReference; lastKnownFileType = sourcecode.swift; path = PageTitleView.swift; sourceTree = "<group>"; };
		E2E6C209249776F100469622 /* Common.swift */ = {isa = PBXFileReference; lastKnownFileType = sourcecode.swift; path = Common.swift; sourceTree = "<group>"; };
/* End PBXFileReference section */

/* Begin PBXFrameworksBuildPhase section */
		E2D6296024962DDD002688C3 /* Frameworks */ = {
			isa = PBXFrameworksBuildPhase;
			buildActionMask = 2147483647;
			files = (
			);
			runOnlyForDeploymentPostprocessing = 0;
		};
		E2D6297624962DDE002688C3 /* Frameworks */ = {
			isa = PBXFrameworksBuildPhase;
			buildActionMask = 2147483647;
			files = (
			);
			runOnlyForDeploymentPostprocessing = 0;
		};
		E2D6298124962DDE002688C3 /* Frameworks */ = {
			isa = PBXFrameworksBuildPhase;
			buildActionMask = 2147483647;
			files = (
			);
			runOnlyForDeploymentPostprocessing = 0;
		};
/* End PBXFrameworksBuildPhase section */

/* Begin PBXGroup section */
		E2D6295A24962DDD002688C3 = {
			isa = PBXGroup;
			children = (
				E2D6296524962DDD002688C3 /* DYZB */,
				E2D6297C24962DDE002688C3 /* DYZBTests */,
				E2D6298724962DDE002688C3 /* DYZBUITests */,
				E2D6296424962DDD002688C3 /* Products */,
			);
			sourceTree = "<group>";
		};
		E2D6296424962DDD002688C3 /* Products */ = {
			isa = PBXGroup;
			children = (
				E2D6296324962DDD002688C3 /* DYZB.app */,
				E2D6297924962DDE002688C3 /* DYZBTests.xctest */,
				E2D6298424962DDE002688C3 /* DYZBUITests.xctest */,
			);
			name = Products;
			sourceTree = "<group>";
		};
		E2D6296524962DDD002688C3 /* DYZB */ = {
			isa = PBXGroup;
			children = (
				E2D62998249661C9002688C3 /* Home */,
				E2D6299A249661F3002688C3 /* Follow */,
				E2D62999249661EC002688C3 /* Live */,
				E2D6299B249661FD002688C3 /* Profile */,
				E2D62997249661B6002688C3 /* Tools */,
				E2D6299624966183002688C3 /* Main */,
				E2D6296624962DDD002688C3 /* AppDelegate.swift */,
				E2D6296824962DDD002688C3 /* SceneDelegate.swift */,
				E2D6296F24962DDE002688C3 /* Assets.xcassets */,
				E2D6297124962DDE002688C3 /* LaunchScreen.storyboard */,
				E2D6297424962DDE002688C3 /* Info.plist */,
			);
			path = DYZB;
			sourceTree = "<group>";
		};
		E2D6297C24962DDE002688C3 /* DYZBTests */ = {
			isa = PBXGroup;
			children = (
				E2D6297D24962DDE002688C3 /* DYZBTests.swift */,
				E2D6297F24962DDE002688C3 /* Info.plist */,
			);
			path = DYZBTests;
			sourceTree = "<group>";
		};
		E2D6298724962DDE002688C3 /* DYZBUITests */ = {
			isa = PBXGroup;
			children = (
				E2D6298824962DDE002688C3 /* DYZBUITests.swift */,
				E2D6298A24962DDE002688C3 /* Info.plist */,
			);
			path = DYZBUITests;
			sourceTree = "<group>";
		};
		E2D6299624966183002688C3 /* Main */ = {
			isa = PBXGroup;
			children = (
				E2E3AD042497B4E500630353 /* Controller */,
				E2E6C20624974BA100469622 /* View */,
				E2D6296C24962DDD002688C3 /* Main.storyboard */,
				E2D6296A24962DDD002688C3 /* ViewController.swift */,
			);
			path = Main;
			sourceTree = "<group>";
		};
		E2D62997249661B6002688C3 /* Tools */ = {
			isa = PBXGroup;
			children = (
				E2D629C624968D82002688C3 /* Extension */,
			);
			path = Tools;
			sourceTree = "<group>";
		};
		E2D62998249661C9002688C3 /* Home */ = {
			isa = PBXGroup;
			children = (
				E2D629C324967F60002688C3 /* Model */,
				E2D629C224967F54002688C3 /* View */,
				E2D629C124967F40002688C3 /* Controller */,
				E2D629B524967A29002688C3 /* Home.storyboard */,
			);
			path = Home;
			sourceTree = "<group>";
		};
		E2D62999249661EC002688C3 /* Live */ = {
			isa = PBXGroup;
			children = (
				E2D629BB24967AB8002688C3 /* Live.storyboard */,
			);
			path = Live;
			sourceTree = "<group>";
		};
		E2D6299A249661F3002688C3 /* Follow */ = {
			isa = PBXGroup;
			children = (
				E2D629B824967A54002688C3 /* Follow.storyboard */,
			);
			path = Follow;
			sourceTree = "<group>";
		};
		E2D6299B249661FD002688C3 /* Profile */ = {
			isa = PBXGroup;
			children = (
				E2D629BE24967AE5002688C3 /* User.storyboard */,
			);
			path = Profile;
			sourceTree = "<group>";
		};
		E2D629C124967F40002688C3 /* Controller */ = {
			isa = PBXGroup;
			children = (
				E2D629C42496802A002688C3 /* HomeViewController.swift */,
				E2810FEC24AA5AD8006A8257 /* RecommendViewController.swift */,
			);
			path = Controller;
			sourceTree = "<group>";
		};
		E2D629C224967F54002688C3 /* View */ = {
			isa = PBXGroup;
			children = (
				E2810FEE24AA6B5C006A8257 /* CollectionHeaderView.swift */,
				E2810FEF24AA6B5C006A8257 /* CollectionHeaderView.xib */,
			);
			path = View;
			sourceTree = "<group>";
		};
		E2D629C324967F60002688C3 /* Model */ = {
			isa = PBXGroup;
			children = (
			);
			path = Model;
			sourceTree = "<group>";
		};
		E2D629C624968D82002688C3 /* Extension */ = {
			isa = PBXGroup;
			children = (
				E2D629C724968DB1002688C3 /* UIBarButtonItem-Extension.swift */,
				E2E3AD082497BF4F00630353 /* UIColor-Extentsion.swift */,
			);
			path = Extension;
			sourceTree = "<group>";
		};
		E2E3AD042497B4E500630353 /* Controller */ = {
			isa = PBXGroup;
			children = (
			);
			path = Controller;
			sourceTree = "<group>";
		};
		E2E6C20624974BA100469622 /* View */ = {
			isa = PBXGroup;
			children = (
				E2E3AD052497B53000630353 /* PageContentView.swift */,
				E2E6C20724974BE200469622 /* PageTitleView.swift */,
				E2E6C209249776F100469622 /* Common.swift */,
				E2810FF224AA71C8006A8257 /* CollectionNormalCell.swift */,
				E2810FF324AA71C8006A8257 /* CollectionNormalCell.xib */,
			);
			path = View;
			sourceTree = "<group>";
		};
/* End PBXGroup section */

/* Begin PBXNativeTarget section */
		E2D6296224962DDD002688C3 /* DYZB */ = {
			isa = PBXNativeTarget;
			buildConfigurationList = E2D6298D24962DDE002688C3 /* Build configuration list for PBXNativeTarget "DYZB" */;
			buildPhases = (
				E2D6295F24962DDD002688C3 /* Sources */,
				E2D6296024962DDD002688C3 /* Frameworks */,
				E2D6296124962DDD002688C3 /* Resources */,
			);
			buildRules = (
			);
			dependencies = (
			);
			name = DYZB;
			productName = DYZB;
			productReference = E2D6296324962DDD002688C3 /* DYZB.app */;
			productType = "com.apple.product-type.application";
		};
		E2D6297824962DDE002688C3 /* DYZBTests */ = {
			isa = PBXNativeTarget;
			buildConfigurationList = E2D6299024962DDE002688C3 /* Build configuration list for PBXNativeTarget "DYZBTests" */;
			buildPhases = (
				E2D6297524962DDE002688C3 /* Sources */,
				E2D6297624962DDE002688C3 /* Frameworks */,
				E2D6297724962DDE002688C3 /* Resources */,
			);
			buildRules = (
			);
			dependencies = (
				E2D6297B24962DDE002688C3 /* PBXTargetDependency */,
			);
			name = DYZBTests;
			productName = DYZBTests;
			productReference = E2D6297924962DDE002688C3 /* DYZBTests.xctest */;
			productType = "com.apple.product-type.bundle.unit-test";
		};
		E2D6298324962DDE002688C3 /* DYZBUITests */ = {
			isa = PBXNativeTarget;
			buildConfigurationList = E2D6299324962DDE002688C3 /* Build configuration list for PBXNativeTarget "DYZBUITests" */;
			buildPhases = (
				E2D6298024962DDE002688C3 /* Sources */,
				E2D6298124962DDE002688C3 /* Frameworks */,
				E2D6298224962DDE002688C3 /* Resources */,
			);
			buildRules = (
			);
			dependencies = (
				E2D6298624962DDE002688C3 /* PBXTargetDependency */,
			);
			name = DYZBUITests;
			productName = DYZBUITests;
			productReference = E2D6298424962DDE002688C3 /* DYZBUITests.xctest */;
			productType = "com.apple.product-type.bundle.ui-testing";
		};
/* End PBXNativeTarget section */

/* Begin PBXProject section */
		E2D6295B24962DDD002688C3 /* Project object */ = {
			isa = PBXProject;
			attributes = {
				LastSwiftUpdateCheck = 1150;
				LastUpgradeCheck = 1150;
				ORGANIZATIONNAME = "Vickey Feng";
				TargetAttributes = {
					E2D6296224962DDD002688C3 = {
						CreatedOnToolsVersion = 11.5;
					};
					E2D6297824962DDE002688C3 = {
						CreatedOnToolsVersion = 11.5;
						TestTargetID = E2D6296224962DDD002688C3;
					};
					E2D6298324962DDE002688C3 = {
						CreatedOnToolsVersion = 11.5;
						TestTargetID = E2D6296224962DDD002688C3;
					};
				};
			};
			buildConfigurationList = E2D6295E24962DDD002688C3 /* Build configuration list for PBXProject "DYZB" */;
			compatibilityVersion = "Xcode 9.3";
			developmentRegion = en;
			hasScannedForEncodings = 0;
			knownRegions = (
				en,
				Base,
			);
			mainGroup = E2D6295A24962DDD002688C3;
			productRefGroup = E2D6296424962DDD002688C3 /* Products */;
			projectDirPath = "";
			projectRoot = "";
			targets = (
				E2D6296224962DDD002688C3 /* DYZB */,
				E2D6297824962DDE002688C3 /* DYZBTests */,
				E2D6298324962DDE002688C3 /* DYZBUITests */,
			);
		};
/* End PBXProject section */

/* Begin PBXResourcesBuildPhase section */
		E2D6296124962DDD002688C3 /* Resources */ = {
			isa = PBXResourcesBuildPhase;
			buildActionMask = 2147483647;
			files = (
				E2D629BA24967A54002688C3 /* Follow.storyboard in Resources */,
				E2810FF124AA6B5C006A8257 /* CollectionHeaderView.xib in Resources */,
				E2810FF524AA71C8006A8257 /* CollectionNormalCell.xib in Resources */,
				E2D6297324962DDE002688C3 /* LaunchScreen.storyboard in Resources */,
				E2D629BD24967AB8002688C3 /* Live.storyboard in Resources */,
				E2D6297024962DDE002688C3 /* Assets.xcassets in Resources */,
				E2D6296E24962DDD002688C3 /* Main.storyboard in Resources */,
				E2D629C024967AE5002688C3 /* User.storyboard in Resources */,
				E2D629B724967A29002688C3 /* Home.storyboard in Resources */,
			);
			runOnlyForDeploymentPostprocessing = 0;
		};
		E2D6297724962DDE002688C3 /* Resources */ = {
			isa = PBXResourcesBuildPhase;
			buildActionMask = 2147483647;
			files = (
			);
			runOnlyForDeploymentPostprocessing = 0;
		};
		E2D6298224962DDE002688C3 /* Resources */ = {
			isa = PBXResourcesBuildPhase;
			buildActionMask = 2147483647;
			files = (
			);
			runOnlyForDeploymentPostprocessing = 0;
		};
/* End PBXResourcesBuildPhase section */

/* Begin PBXSourcesBuildPhase section */
		E2D6295F24962DDD002688C3 /* Sources */ = {
			isa = PBXSourcesBuildPhase;
			buildActionMask = 2147483647;
			files = (
				E2D629C824968DB1002688C3 /* UIBarButtonItem-Extension.swift in Sources */,
				E2810FF024AA6B5C006A8257 /* CollectionHeaderView.swift in Sources */,
				E2E6C20824974BE200469622 /* PageTitleView.swift in Sources */,
				E2D6296B24962DDD002688C3 /* ViewController.swift in Sources */,
				E2E3AD062497B53000630353 /* PageContentView.swift in Sources */,
				E2D6296724962DDD002688C3 /* AppDelegate.swift in Sources */,
				E2D6296924962DDD002688C3 /* SceneDelegate.swift in Sources */,
				E2D629C52496802A002688C3 /* HomeViewController.swift in Sources */,
				E2E3AD092497BF4F00630353 /* UIColor-Extentsion.swift in Sources */,
				E2E6C20A249776F100469622 /* Common.swift in Sources */,
				E2810FF424AA71C8006A8257 /* CollectionNormalCell.swift in Sources */,
				E2810FED24AA5AD8006A8257 /* RecommendViewController.swift in Sources */,
			);
			runOnlyForDeploymentPostprocessing = 0;
		};
		E2D6297524962DDE002688C3 /* Sources */ = {
			isa = PBXSourcesBuildPhase;
			buildActionMask = 2147483647;
			files = (
				E2D6297E24962DDE002688C3 /* DYZBTests.swift in Sources */,
			);
			runOnlyForDeploymentPostprocessing = 0;
		};
		E2D6298024962DDE002688C3 /* Sources */ = {
			isa = PBXSourcesBuildPhase;
			buildActionMask = 2147483647;
			files = (
				E2D6298924962DDE002688C3 /* DYZBUITests.swift in Sources */,
			);
			runOnlyForDeploymentPostprocessing = 0;
		};
/* End PBXSourcesBuildPhase section */

/* Begin PBXTargetDependency section */
		E2D6297B24962DDE002688C3 /* PBXTargetDependency */ = {
			isa = PBXTargetDependency;
			target = E2D6296224962DDD002688C3 /* DYZB */;
			targetProxy = E2D6297A24962DDE002688C3 /* PBXContainerItemProxy */;
		};
		E2D6298624962DDE002688C3 /* PBXTargetDependency */ = {
			isa = PBXTargetDependency;
			target = E2D6296224962DDD002688C3 /* DYZB */;
			targetProxy = E2D6298524962DDE002688C3 /* PBXContainerItemProxy */;
		};
/* End PBXTargetDependency section */

/* Begin PBXVariantGroup section */
		E2D6296C24962DDD002688C3 /* Main.storyboard */ = {
			isa = PBXVariantGroup;
			children = (
				E2D6296D24962DDD002688C3 /* Base */,
			);
			name = Main.storyboard;
			sourceTree = "<group>";
		};
		E2D6297124962DDE002688C3 /* LaunchScreen.storyboard */ = {
			isa = PBXVariantGroup;
			children = (
				E2D6297224962DDE002688C3 /* Base */,
			);
			name = LaunchScreen.storyboard;
			sourceTree = "<group>";
		};
		E2D629B524967A29002688C3 /* Home.storyboard */ = {
			isa = PBXVariantGroup;
			children = (
				E2D629B624967A29002688C3 /* Base */,
			);
			name = Home.storyboard;
			sourceTree = "<group>";
		};
		E2D629B824967A54002688C3 /* Follow.storyboard */ = {
			isa = PBXVariantGroup;
			children = (
				E2D629B924967A54002688C3 /* Base */,
			);
			name = Follow.storyboard;
			sourceTree = "<group>";
		};
		E2D629BB24967AB8002688C3 /* Live.storyboard */ = {
			isa = PBXVariantGroup;
			children = (
				E2D629BC24967AB8002688C3 /* Base */,
			);
			name = Live.storyboard;
			sourceTree = "<group>";
		};
		E2D629BE24967AE5002688C3 /* User.storyboard */ = {
			isa = PBXVariantGroup;
			children = (
				E2D629BF24967AE5002688C3 /* Base */,
			);
			name = User.storyboard;
			sourceTree = "<group>";
		};
/* End PBXVariantGroup section */

/* Begin XCBuildConfiguration section */
		E2D6298B24962DDE002688C3 /* Debug */ = {
			isa = XCBuildConfiguration;
			buildSettings = {
				ALWAYS_SEARCH_USER_PATHS = NO;
				CLANG_ANALYZER_NONNULL = YES;
				CLANG_ANALYZER_NUMBER_OBJECT_CONVERSION = YES_AGGRESSIVE;
				CLANG_CXX_LANGUAGE_STANDARD = "gnu++14";
				CLANG_CXX_LIBRARY = "libc++";
				CLANG_ENABLE_MODULES = YES;
				CLANG_ENABLE_OBJC_ARC = YES;
				CLANG_ENABLE_OBJC_WEAK = YES;
				CLANG_WARN_BLOCK_CAPTURE_AUTORELEASING = YES;
				CLANG_WARN_BOOL_CONVERSION = YES;
				CLANG_WARN_COMMA = YES;
				CLANG_WARN_CONSTANT_CONVERSION = YES;
				CLANG_WARN_DEPRECATED_OBJC_IMPLEMENTATIONS = YES;
				CLANG_WARN_DIRECT_OBJC_ISA_USAGE = YES_ERROR;
				CLANG_WARN_DOCUMENTATION_COMMENTS = YES;
				CLANG_WARN_EMPTY_BODY = YES;
				CLANG_WARN_ENUM_CONVERSION = YES;
				CLANG_WARN_INFINITE_RECURSION = YES;
				CLANG_WARN_INT_CONVERSION = YES;
				CLANG_WARN_NON_LITERAL_NULL_CONVERSION = YES;
				CLANG_WARN_OBJC_IMPLICIT_RETAIN_SELF = YES;
				CLANG_WARN_OBJC_LITERAL_CONVERSION = YES;
				CLANG_WARN_OBJC_ROOT_CLASS = YES_ERROR;
				CLANG_WARN_RANGE_LOOP_ANALYSIS = YES;
				CLANG_WARN_STRICT_PROTOTYPES = YES;
				CLANG_WARN_SUSPICIOUS_MOVE = YES;
				CLANG_WARN_UNGUARDED_AVAILABILITY = YES_AGGRESSIVE;
				CLANG_WARN_UNREACHABLE_CODE = YES;
				CLANG_WARN__DUPLICATE_METHOD_MATCH = YES;
				COPY_PHASE_STRIP = NO;
				DEBUG_INFORMATION_FORMAT = dwarf;
				ENABLE_STRICT_OBJC_MSGSEND = YES;
				ENABLE_TESTABILITY = YES;
				GCC_C_LANGUAGE_STANDARD = gnu11;
				GCC_DYNAMIC_NO_PIC = NO;
				GCC_NO_COMMON_BLOCKS = YES;
				GCC_OPTIMIZATION_LEVEL = 0;
				GCC_PREPROCESSOR_DEFINITIONS = (
					"DEBUG=1",
					"$(inherited)",
				);
				GCC_WARN_64_TO_32_BIT_CONVERSION = YES;
				GCC_WARN_ABOUT_RETURN_TYPE = YES_ERROR;
				GCC_WARN_UNDECLARED_SELECTOR = YES;
				GCC_WARN_UNINITIALIZED_AUTOS = YES_AGGRESSIVE;
				GCC_WARN_UNUSED_FUNCTION = YES;
				GCC_WARN_UNUSED_VARIABLE = YES;
				IPHONEOS_DEPLOYMENT_TARGET = 13.5;
				MTL_ENABLE_DEBUG_INFO = INCLUDE_SOURCE;
				MTL_FAST_MATH = YES;
				ONLY_ACTIVE_ARCH = YES;
				SDKROOT = iphoneos;
				SWIFT_ACTIVE_COMPILATION_CONDITIONS = DEBUG;
				SWIFT_OPTIMIZATION_LEVEL = "-Onone";
			};
			name = Debug;
		};
		E2D6298C24962DDE002688C3 /* Release */ = {
			isa = XCBuildConfiguration;
			buildSettings = {
				ALWAYS_SEARCH_USER_PATHS = NO;
				CLANG_ANALYZER_NONNULL = YES;
				CLANG_ANALYZER_NUMBER_OBJECT_CONVERSION = YES_AGGRESSIVE;
				CLANG_CXX_LANGUAGE_STANDARD = "gnu++14";
				CLANG_CXX_LIBRARY = "libc++";
				CLANG_ENABLE_MODULES = YES;
				CLANG_ENABLE_OBJC_ARC = YES;
				CLANG_ENABLE_OBJC_WEAK = YES;
				CLANG_WARN_BLOCK_CAPTURE_AUTORELEASING = YES;
				CLANG_WARN_BOOL_CONVERSION = YES;
				CLANG_WARN_COMMA = YES;
				CLANG_WARN_CONSTANT_CONVERSION = YES;
				CLANG_WARN_DEPRECATED_OBJC_IMPLEMENTATIONS = YES;
				CLANG_WARN_DIRECT_OBJC_ISA_USAGE = YES_ERROR;
				CLANG_WARN_DOCUMENTATION_COMMENTS = YES;
				CLANG_WARN_EMPTY_BODY = YES;
				CLANG_WARN_ENUM_CONVERSION = YES;
				CLANG_WARN_INFINITE_RECURSION = YES;
				CLANG_WARN_INT_CONVERSION = YES;
				CLANG_WARN_NON_LITERAL_NULL_CONVERSION = YES;
				CLANG_WARN_OBJC_IMPLICIT_RETAIN_SELF = YES;
				CLANG_WARN_OBJC_LITERAL_CONVERSION = YES;
				CLANG_WARN_OBJC_ROOT_CLASS = YES_ERROR;
				CLANG_WARN_RANGE_LOOP_ANALYSIS = YES;
				CLANG_WARN_STRICT_PROTOTYPES = YES;
				CLANG_WARN_SUSPICIOUS_MOVE = YES;
				CLANG_WARN_UNGUARDED_AVAILABILITY = YES_AGGRESSIVE;
				CLANG_WARN_UNREACHABLE_CODE = YES;
				CLANG_WARN__DUPLICATE_METHOD_MATCH = YES;
				COPY_PHASE_STRIP = NO;
				DEBUG_INFORMATION_FORMAT = "dwarf-with-dsym";
				ENABLE_NS_ASSERTIONS = NO;
				ENABLE_STRICT_OBJC_MSGSEND = YES;
				GCC_C_LANGUAGE_STANDARD = gnu11;
				GCC_NO_COMMON_BLOCKS = YES;
				GCC_WARN_64_TO_32_BIT_CONVERSION = YES;
				GCC_WARN_ABOUT_RETURN_TYPE = YES_ERROR;
				GCC_WARN_UNDECLARED_SELECTOR = YES;
				GCC_WARN_UNINITIALIZED_AUTOS = YES_AGGRESSIVE;
				GCC_WARN_UNUSED_FUNCTION = YES;
				GCC_WARN_UNUSED_VARIABLE = YES;
				IPHONEOS_DEPLOYMENT_TARGET = 13.5;
				MTL_ENABLE_DEBUG_INFO = NO;
				MTL_FAST_MATH = YES;
				SDKROOT = iphoneos;
				SWIFT_COMPILATION_MODE = wholemodule;
				SWIFT_OPTIMIZATION_LEVEL = "-O";
				VALIDATE_PRODUCT = YES;
			};
			name = Release;
		};
		E2D6298E24962DDE002688C3 /* Debug */ = {
			isa = XCBuildConfiguration;
			buildSettings = {
				ASSETCATALOG_COMPILER_APPICON_NAME = AppIcon;
				CODE_SIGN_STYLE = Automatic;
				INFOPLIST_FILE = DYZB/Info.plist;
				LD_RUNPATH_SEARCH_PATHS = (
					"$(inherited)",
					"@executable_path/Frameworks",
				);
				PRODUCT_BUNDLE_IDENTIFIER = com.bnuz.DYZB;
				PRODUCT_NAME = "$(TARGET_NAME)";
				SWIFT_VERSION = 5.0;
				TARGETED_DEVICE_FAMILY = 1;
			};
			name = Debug;
		};
		E2D6298F24962DDE002688C3 /* Release */ = {
			isa = XCBuildConfiguration;
			buildSettings = {
				ASSETCATALOG_COMPILER_APPICON_NAME = AppIcon;
				CODE_SIGN_STYLE = Automatic;
				INFOPLIST_FILE = DYZB/Info.plist;
				LD_RUNPATH_SEARCH_PATHS = (
					"$(inherited)",
					"@executable_path/Frameworks",
				);
				PRODUCT_BUNDLE_IDENTIFIER = com.bnuz.DYZB;
				PRODUCT_NAME = "$(TARGET_NAME)";
				SWIFT_VERSION = 5.0;
				TARGETED_DEVICE_FAMILY = 1;
			};
			name = Release;
		};
		E2D6299124962DDE002688C3 /* Debug */ = {
			isa = XCBuildConfiguration;
			buildSettings = {
				ALWAYS_EMBED_SWIFT_STANDARD_LIBRARIES = YES;
				BUNDLE_LOADER = "$(TEST_HOST)";
				CODE_SIGN_STYLE = Automatic;
				INFOPLIST_FILE = DYZBTests/Info.plist;
				IPHONEOS_DEPLOYMENT_TARGET = 13.5;
				LD_RUNPATH_SEARCH_PATHS = (
					"$(inherited)",
					"@executable_path/Frameworks",
					"@loader_path/Frameworks",
				);
				PRODUCT_BUNDLE_IDENTIFIER = com.bnuz.DYZBTests;
				PRODUCT_NAME = "$(TARGET_NAME)";
				SWIFT_VERSION = 5.0;
				TARGETED_DEVICE_FAMILY = "1,2";
				TEST_HOST = "$(BUILT_PRODUCTS_DIR)/DYZB.app/DYZB";
			};
			name = Debug;
		};
		E2D6299224962DDE002688C3 /* Release */ = {
			isa = XCBuildConfiguration;
			buildSettings = {
				ALWAYS_EMBED_SWIFT_STANDARD_LIBRARIES = YES;
				BUNDLE_LOADER = "$(TEST_HOST)";
				CODE_SIGN_STYLE = Automatic;
				INFOPLIST_FILE = DYZBTests/Info.plist;
				IPHONEOS_DEPLOYMENT_TARGET = 13.5;
				LD_RUNPATH_SEARCH_PATHS = (
					"$(inherited)",
					"@executable_path/Frameworks",
					"@loader_path/Frameworks",
				);
				PRODUCT_BUNDLE_IDENTIFIER = com.bnuz.DYZBTests;
				PRODUCT_NAME = "$(TARGET_NAME)";
				SWIFT_VERSION = 5.0;
				TARGETED_DEVICE_FAMILY = "1,2";
				TEST_HOST = "$(BUILT_PRODUCTS_DIR)/DYZB.app/DYZB";
			};
			name = Release;
		};
		E2D6299424962DDE002688C3 /* Debug */ = {
			isa = XCBuildConfiguration;
			buildSettings = {
				ALWAYS_EMBED_SWIFT_STANDARD_LIBRARIES = YES;
				CODE_SIGN_STYLE = Automatic;
				INFOPLIST_FILE = DYZBUITests/Info.plist;
				LD_RUNPATH_SEARCH_PATHS = (
					"$(inherited)",
					"@executable_path/Frameworks",
					"@loader_path/Frameworks",
				);
				PRODUCT_BUNDLE_IDENTIFIER = com.bnuz.DYZBUITests;
				PRODUCT_NAME = "$(TARGET_NAME)";
				SWIFT_VERSION = 5.0;
				TARGETED_DEVICE_FAMILY = "1,2";
				TEST_TARGET_NAME = DYZB;
			};
			name = Debug;
		};
		E2D6299524962DDE002688C3 /* Release */ = {
			isa = XCBuildConfiguration;
			buildSettings = {
				ALWAYS_EMBED_SWIFT_STANDARD_LIBRARIES = YES;
				CODE_SIGN_STYLE = Automatic;
				INFOPLIST_FILE = DYZBUITests/Info.plist;
				LD_RUNPATH_SEARCH_PATHS = (
					"$(inherited)",
					"@executable_path/Frameworks",
					"@loader_path/Frameworks",
				);
				PRODUCT_BUNDLE_IDENTIFIER = com.bnuz.DYZBUITests;
				PRODUCT_NAME = "$(TARGET_NAME)";
				SWIFT_VERSION = 5.0;
				TARGETED_DEVICE_FAMILY = "1,2";
				TEST_TARGET_NAME = DYZB;
			};
			name = Release;
		};
/* End XCBuildConfiguration section */

/* Begin XCConfigurationList section */
		E2D6295E24962DDD002688C3 /* Build configuration list for PBXProject "DYZB" */ = {
			isa = XCConfigurationList;
			buildConfigurations = (
				E2D6298B24962DDE002688C3 /* Debug */,
				E2D6298C24962DDE002688C3 /* Release */,
			);
			defaultConfigurationIsVisible = 0;
			defaultConfigurationName = Release;
		};
		E2D6298D24962DDE002688C3 /* Build configuration list for PBXNativeTarget "DYZB" */ = {
			isa = XCConfigurationList;
			buildConfigurations = (
				E2D6298E24962DDE002688C3 /* Debug */,
				E2D6298F24962DDE002688C3 /* Release */,
			);
			defaultConfigurationIsVisible = 0;
			defaultConfigurationName = Release;
		};
		E2D6299024962DDE002688C3 /* Build configuration list for PBXNativeTarget "DYZBTests" */ = {
			isa = XCConfigurationList;
			buildConfigurations = (
				E2D6299124962DDE002688C3 /* Debug */,
				E2D6299224962DDE002688C3 /* Release */,
			);
			defaultConfigurationIsVisible = 0;
			defaultConfigurationName = Release;
		};
		E2D6299324962DDE002688C3 /* Build configuration list for PBXNativeTarget "DYZBUITests" */ = {
			isa = XCConfigurationList;
			buildConfigurations = (
				E2D6299424962DDE002688C3 /* Debug */,
				E2D6299524962DDE002688C3 /* Release */,
			);
			defaultConfigurationIsVisible = 0;
			defaultConfigurationName = Release;
		};
/* End XCConfigurationList section */
	};
	rootObject = E2D6295B24962DDD002688C3 /* Project object */;
}
